
Microsoft Visual Studio Solution File, Format Version 12.00
# Visual Studio Version 17
VisualStudioVersion = 17.5.33424.131
MinimumVisualStudioVersion = 10.0.40219.1
Project("{FAE04EC0-301F-11D3-BF4B-00C04F79EFBC}") = "SAS.Task.6", "SAS.Task.6\SAS.Task.6.csproj", "{E3873781-687B-418B-9360-995C4C680A41}"
EndProject
Global
	GlobalSection(SolutionConfigurationPlatforms) = preSolution
		Debug|Any CPU = Debug|Any CPU
		Release|Any CPU = Release|Any CPU
	EndGlobalSection
	GlobalSection(ProjectConfigurationPlatforms) = postSolution
		{E3873781-687B-418B-9360-995C4C680A41}.Debug|Any CPU.ActiveCfg = Debug|Any CPU
		{E3873781-687B-418B-9360-995C4C680A41}.Debug|Any CPU.Build.0 = Debug|Any CPU
		{E3873781-687B-418B-9360-995C4C680A41}.Release|Any CPU.ActiveCfg = Release|Any CPU
		{E3873781-687B-418B-9360-995C4C680A41}.Release|Any CPU.Build.0 = Release|Any CPU
	EndGlobalSection
	GlobalSection(SolutionProperties) = preSolution
		HideSolutionNode = FALSE
	EndGlobalSection
	GlobalSection(ExtensibilityGlobals) = postSolution
		SolutionGuid = {A3098D81-36B7-4E83-B8C1-97F9B74F8830}
	EndGlobalSection
EndGlobal
